
Microsoft Visual Studio Solution File, Format Version 12.00
# Visual Studio 15
Project("{FAE04EC0-301F-11D3-BF4B-00C04F79EFBC}") = "PhotonChat", "PhotonChat.csproj", "{A4F83A20-DF93-82F1-31FF-A849E772E34A}"
EndProject
Project("{FAE04EC0-301F-11D3-BF4B-00C04F79EFBC}") = "PhotonUnityNetworking.Demos", "PhotonUnityNetworking.Demos.csproj", "{05D3B838-3401-22DC-7945-A8E8403532CE}"
EndProject
Project("{FAE04EC0-301F-11D3-BF4B-00C04F79EFBC}") = "PhotonRealtime", "PhotonRealtime.csproj", "{40FC0619-2F51-AC07-23A1-C266BC3470A7}"
EndProject
Project("{FAE04EC0-301F-11D3-BF4B-00C04F79EFBC}") = "Assembly-CSharp", "Assembly-CSharp.csproj", "{74B37655-761F-1942-9632-5351E34B0C78}"
EndProject
Project("{FAE04EC0-301F-11D3-BF4B-00C04F79EFBC}") = "PhotonUnityNetworking.Editor", "PhotonUnityNetworking.Editor.csproj", "{7B34C65B-60B9-0DE4-1D77-C92EB1AE3A77}"
EndProject
Project("{FAE04EC0-301F-11D3-BF4B-00C04F79EFBC}") = "PhotonUnityNetworking", "PhotonUnityNetworking.csproj", "{5A95926A-CD1D-FA4F-DDA1-A71442A22285}"
EndProject
Project("{FAE04EC0-301F-11D3-BF4B-00C04F79EFBC}") = "Assembly-CSharp-Editor", "Assembly-CSharp-Editor.csproj", "{DE3D315A-2835-886C-1D23-9D81AA3CE284}"
EndProject
Project("{FAE04EC0-301F-11D3-BF4B-00C04F79EFBC}") = "PhotonUnityNetworking.Utilities.PhotonPlayer.Editor", "PhotonUnityNetworking.Utilities.PhotonPlayer.Editor.csproj", "{65ACB8CB-4A60-192B-055D-3152C550C262}"
EndProject
Project("{FAE04EC0-301F-11D3-BF4B-00C04F79EFBC}") = "Unity.XR.Interaction.Toolkit.Samples.StarterAssets", "Unity.XR.Interaction.Toolkit.Samples.StarterAssets.csproj", "{59FAA382-15D6-8574-C5E8-E394A528EEB1}"
EndProject
Project("{FAE04EC0-301F-11D3-BF4B-00C04F79EFBC}") = "PhotonUnityNetworking.Utilities", "PhotonUnityNetworking.Utilities.csproj", "{7A62323C-F9A2-9C4B-60FA-66567B354237}"
EndProject
Project("{FAE04EC0-301F-11D3-BF4B-00C04F79EFBC}") = "Unity.XR.Interaction.Toolkit.Samples.DeviceSimulator", "Unity.XR.Interaction.Toolkit.Samples.DeviceSimulator.csproj", "{41FAF80C-8DE5-2DAC-27BA-9D8D3D6A3F95}"
EndProject
Project("{FAE04EC0-301F-11D3-BF4B-00C04F79EFBC}") = "PunDemos.DemoSlotcarEditor", "PunDemos.DemoSlotcarEditor.csproj", "{79052B9A-B57C-D0FC-6739-09CA913C7C41}"
EndProject
Project("{FAE04EC0-301F-11D3-BF4B-00C04F79EFBC}") = "PhotonUnityNetworking.Utilities.Culling.Editor", "PhotonUnityNetworking.Utilities.Culling.Editor.csproj", "{80BB16C1-DE0B-9E88-437B-FFD564405F70}"
EndProject
Project("{FAE04EC0-301F-11D3-BF4B-00C04F79EFBC}") = "PunDemos.DemoHubEditor", "PunDemos.DemoHubEditor.csproj", "{DD82B567-6790-7F81-3C8D-69ABA7AB2819}"
EndProject
Project("{FAE04EC0-301F-11D3-BF4B-00C04F79EFBC}") = "Unity.XR.Interaction.Toolkit.Samples.StarterAssets.Editor", "Unity.XR.Interaction.Toolkit.Samples.StarterAssets.Editor.csproj", "{BB5DE7DD-B455-9478-C4A5-F6329504966A}"
EndProject
Global
	GlobalSection(SolutionConfigurationPlatforms) = preSolution
		Debug|Any CPU = Debug|Any CPU
		Release|Any CPU = Release|Any CPU
	EndGlobalSection
	GlobalSection(ProjectConfigurationPlatforms) = postSolution
		{A4F83A20-DF93-82F1-31FF-A849E772E34A}.Debug|Any CPU.ActiveCfg = Debug|Any CPU
		{A4F83A20-DF93-82F1-31FF-A849E772E34A}.Debug|Any CPU.Build.0 = Debug|Any CPU
		{A4F83A20-DF93-82F1-31FF-A849E772E34A}.Release|Any CPU.ActiveCfg = Release|Any CPU
		{A4F83A20-DF93-82F1-31FF-A849E772E34A}.Release|Any CPU.Build.0 = Release|Any CPU
		{05D3B838-3401-22DC-7945-A8E8403532CE}.Debug|Any CPU.ActiveCfg = Debug|Any CPU
		{05D3B838-3401-22DC-7945-A8E8403532CE}.Debug|Any CPU.Build.0 = Debug|Any CPU
		{05D3B838-3401-22DC-7945-A8E8403532CE}.Release|Any CPU.ActiveCfg = Release|Any CPU
		{05D3B838-3401-22DC-7945-A8E8403532CE}.Release|Any CPU.Build.0 = Release|Any CPU
		{40FC0619-2F51-AC07-23A1-C266BC3470A7}.Debug|Any CPU.ActiveCfg = Debug|Any CPU
		{40FC0619-2F51-AC07-23A1-C266BC3470A7}.Debug|Any CPU.Build.0 = Debug|Any CPU
		{40FC0619-2F51-AC07-23A1-C266BC3470A7}.Release|Any CPU.ActiveCfg = Release|Any CPU
		{40FC0619-2F51-AC07-23A1-C266BC3470A7}.Release|Any CPU.Build.0 = Release|Any CPU
		{74B37655-761F-1942-9632-5351E34B0C78}.Debug|Any CPU.ActiveCfg = Debug|Any CPU
		{74B37655-761F-1942-9632-5351E34B0C78}.Debug|Any CPU.Build.0 = Debug|Any CPU
		{74B37655-761F-1942-9632-5351E34B0C78}.Release|Any CPU.ActiveCfg = Release|Any CPU
		{74B37655-761F-1942-9632-5351E34B0C78}.Release|Any CPU.Build.0 = Release|Any CPU
		{7B34C65B-60B9-0DE4-1D77-C92EB1AE3A77}.Debug|Any CPU.ActiveCfg = Debug|Any CPU
		{7B34C65B-60B9-0DE4-1D77-C92EB1AE3A77}.Debug|Any CPU.Build.0 = Debug|Any CPU
		{7B34C65B-60B9-0DE4-1D77-C92EB1AE3A77}.Release|Any CPU.ActiveCfg = Release|Any CPU
		{7B34C65B-60B9-0DE4-1D77-C92EB1AE3A77}.Release|Any CPU.Build.0 = Release|Any CPU
		{5A95926A-CD1D-FA4F-DDA1-A71442A22285}.Debug|Any CPU.ActiveCfg = Debug|Any CPU
		{5A95926A-CD1D-FA4F-DDA1-A71442A22285}.Debug|Any CPU.Build.0 = Debug|Any CPU
		{5A95926A-CD1D-FA4F-DDA1-A71442A22285}.Release|Any CPU.ActiveCfg = Release|Any CPU
		{5A95926A-CD1D-FA4F-DDA1-A71442A22285}.Release|Any CPU.Build.0 = Release|Any CPU
		{DE3D315A-2835-886C-1D23-9D81AA3CE284}.Debug|Any CPU.ActiveCfg = Debug|Any CPU
		{DE3D315A-2835-886C-1D23-9D81AA3CE284}.Debug|Any CPU.Build.0 = Debug|Any CPU
		{DE3D315A-2835-886C-1D23-9D81AA3CE284}.Release|Any CPU.ActiveCfg = Release|Any CPU
		{DE3D315A-2835-886C-1D23-9D81AA3CE284}.Release|Any CPU.Build.0 = Release|Any CPU
		{65ACB8CB-4A60-192B-055D-3152C550C262}.Debug|Any CPU.ActiveCfg = Debug|Any CPU
		{65ACB8CB-4A60-192B-055D-3152C550C262}.Debug|Any CPU.Build.0 = Debug|Any CPU
		{65ACB8CB-4A60-192B-055D-3152C550C262}.Release|Any CPU.ActiveCfg = Release|Any CPU
		{65ACB8CB-4A60-192B-055D-3152C550C262}.Release|Any CPU.Build.0 = Release|Any CPU
		{59FAA382-15D6-8574-C5E8-E394A528EEB1}.Debug|Any CPU.ActiveCfg = Debug|Any CPU
		{59FAA382-15D6-8574-C5E8-E394A528EEB1}.Debug|Any CPU.Build.0 = Debug|Any CPU
		{59FAA382-15D6-8574-C5E8-E394A528EEB1}.Release|Any CPU.ActiveCfg = Release|Any CPU
		{59FAA382-15D6-8574-C5E8-E394A528EEB1}.Release|Any CPU.Build.0 = Release|Any CPU
		{7A62323C-F9A2-9C4B-60FA-66567B354237}.Debug|Any CPU.ActiveCfg = Debug|Any CPU
		{7A62323C-F9A2-9C4B-60FA-66567B354237}.Debug|Any CPU.Build.0 = Debug|Any CPU
		{7A62323C-F9A2-9C4B-60FA-66567B354237}.Release|Any CPU.ActiveCfg = Release|Any CPU
		{7A62323C-F9A2-9C4B-60FA-66567B354237}.Release|Any CPU.Build.0 = Release|Any CPU
		{41FAF80C-8DE5-2DAC-27BA-9D8D3D6A3F95}.Debug|Any CPU.ActiveCfg = Debug|Any CPU
		{41FAF80C-8DE5-2DAC-27BA-9D8D3D6A3F95}.Debug|Any CPU.Build.0 = Debug|Any CPU
		{41FAF80C-8DE5-2DAC-27BA-9D8D3D6A3F95}.Release|Any CPU.ActiveCfg = Release|Any CPU
		{41FAF80C-8DE5-2DAC-27BA-9D8D3D6A3F95}.Release|Any CPU.Build.0 = Release|Any CPU
		{79052B9A-B57C-D0FC-6739-09CA913C7C41}.Debug|Any CPU.ActiveCfg = Debug|Any CPU
		{79052B9A-B57C-D0FC-6739-09CA913C7C41}.Debug|Any CPU.Build.0 = Debug|Any CPU
		{79052B9A-B57C-D0FC-6739-09CA913C7C41}.Release|Any CPU.ActiveCfg = Release|Any CPU
		{79052B9A-B57C-D0FC-6739-09CA913C7C41}.Release|Any CPU.Build.0 = Release|Any CPU
		{80BB16C1-DE0B-9E88-437B-FFD564405F70}.Debug|Any CPU.ActiveCfg = Debug|Any CPU
		{80BB16C1-DE0B-9E88-437B-FFD564405F70}.Debug|Any CPU.Build.0 = Debug|Any CPU
		{80BB16C1-DE0B-9E88-437B-FFD564405F70}.Release|Any CPU.ActiveCfg = Release|Any CPU
		{80BB16C1-DE0B-9E88-437B-FFD564405F70}.Release|Any CPU.Build.0 = Release|Any CPU
		{DD82B567-6790-7F81-3C8D-69ABA7AB2819}.Debug|Any CPU.ActiveCfg = Debug|Any CPU
		{DD82B567-6790-7F81-3C8D-69ABA7AB2819}.Debug|Any CPU.Build.0 = Debug|Any CPU
		{DD82B567-6790-7F81-3C8D-69ABA7AB2819}.Release|Any CPU.ActiveCfg = Release|Any CPU
		{DD82B567-6790-7F81-3C8D-69ABA7AB2819}.Release|Any CPU.Build.0 = Release|Any CPU
		{BB5DE7DD-B455-9478-C4A5-F6329504966A}.Debug|Any CPU.ActiveCfg = Debug|Any CPU
		{BB5DE7DD-B455-9478-C4A5-F6329504966A}.Debug|Any CPU.Build.0 = Debug|Any CPU
		{BB5DE7DD-B455-9478-C4A5-F6329504966A}.Release|Any CPU.ActiveCfg = Release|Any CPU
		{BB5DE7DD-B455-9478-C4A5-F6329504966A}.Release|Any CPU.Build.0 = Release|Any CPU
	EndGlobalSection
	GlobalSection(SolutionProperties) = preSolution
		HideSolutionNode = FALSE
	EndGlobalSection
EndGlobal
